
Microsoft Visual Studio Solution File, Format Version 12.00
# Visual Studio Version 17
VisualStudioVersion = 17.14.37516.0 d17.14
MinimumVisualStudioVersion = 10.0.40219.1
Project("{8BC9CEB8-8B4A-11D0-8D11-00A0C91BC942}") = "GameServer", "GameServer\GameServer.vcxproj", "{7A400F16-9877-4D69-91CA-7F0DA8144850}"
EndProject
Project("{8BC9CEB8-8B4A-11D0-8D11-00A0C91BC942}") = "DummyClient", "DummyClient\DummyClient.vcxproj", "{F63870B2-0C58-4DA8-9DB7-F04881D6550F}"
EndProject
Project("{8BC9CEB8-8B4A-11D0-8D11-00A0C91BC942}") = "ServerCore", "ServerCore\ServerCore.vcxproj", "{1481BB3A-AF59-41C2-9956-00488FABCEE2}"
EndProject
Global
	GlobalSection(SolutionConfigurationPlatforms) = preSolution
		Debug|x64 = Debug|x64
		Debug|x86 = Debug|x86
		Release|x64 = Release|x64
		Release|x86 = Release|x86
	EndGlobalSection
	GlobalSection(ProjectConfigurationPlatforms) = postSolution
		{7A400F16-9877-4D69-91CA-7F0DA8144850}.Debug|x64.ActiveCfg = Debug|x64
		{7A400F16-9877-4D69-91CA-7F0DA8144850}.Debug|x64.Build.0 = Debug|x64
		{7A400F16-9877-4D69-91CA-7F0DA8144850}.Debug|x86.ActiveCfg = Debug|Win32
		{7A400F16-9877-4D69-91CA-7F0DA8144850}.Debug|x86.Build.0 = Debug|Win32
		{7A400F16-9877-4D69-91CA-7F0DA8144850}.Release|x64.ActiveCfg = Release|x64
		{7A400F16-9877-4D69-91CA-7F0DA8144850}.Release|x64.Build.0 = Release|x64
		{7A400F16-9877-4D69-91CA-7F0DA8144850}.Release|x86.ActiveCfg = Release|Win32
		{7A400F16-9877-4D69-91CA-7F0DA8144850}.Release|x86.Build.0 = Release|Win32
		{F63870B2-0C58-4DA8-9DB7-F04881D6550F}.Debug|x64.ActiveCfg = Debug|x64
		{F63870B2-0C58-4DA8-9DB7-F04881D6550F}.Debug|x64.Build.0 = Debug|x64
		{F63870B2-0C58-4DA8-9DB7-F04881D6550F}.Debug|x86.ActiveCfg = Debug|Win32
		{F63870B2-0C58-4DA8-9DB7-F04881D6550F}.Debug|x86.Build.0 = Debug|Win32
		{F63870B2-0C58-4DA8-9DB7-F04881D6550F}.Release|x64.ActiveCfg = Release|x64
		{F63870B2-0C58-4DA8-9DB7-F04881D6550F}.Release|x64.Build.0 = Release|x64
		{F63870B2-0C58-4DA8-9DB7-F04881D6550F}.Release|x86.ActiveCfg = Release|Win32
		{F63870B2-0C58-4DA8-9DB7-F04881D6550F}.Release|x86.Build.0 = Release|Win32
		{1481BB3A-AF59-41C2-9956-00488FABCEE2}.Debug|x64.ActiveCfg = Debug|x64
		{1481BB3A-AF59-41C2-9956-00488FABCEE2}.Debug|x64.Build.0 = Debug|x64
		{1481BB3A-AF59-41C2-9956-00488FABCEE2}.Debug|x86.ActiveCfg = Debug|Win32
		{1481BB3A-AF59-41C2-9956-00488FABCEE2}.Debug|x86.Build.0 = Debug|Win32
		{1481BB3A-AF59-41C2-9956-00488FABCEE2}.Release|x64.ActiveCfg = Release|x64
		{1481BB3A-AF59-41C2-9956-00488FABCEE2}.Release|x64.Build.0 = Release|x64
		{1481BB3A-AF59-41C2-9956-00488FABCEE2}.Release|x86.ActiveCfg = Release|Win32
		{1481BB3A-AF59-41C2-9956-00488FABCEE2}.Release|x86.Build.0 = Release|Win32
	EndGlobalSection
	GlobalSection(SolutionProperties) = preSolution
		HideSolutionNode = FALSE
	EndGlobalSection
	GlobalSection(ExtensibilityGlobals) = postSolution
		SolutionGuid = {04E56D0A-5FEE-46D0-811F-5474E28AA8AB}
	EndGlobalSection
EndGlobal
